// !$*UTF8*$!
{
	archiveVersion = 1;
	classes = {
	};
	objectVersion = 56;
	objects = {

/* Begin PBXBuildFile section */
		7B2A31BF2A1845220073A0AC /* PokedexApp.swift in Sources */ = {isa = PBXBuildFile; fileRef = 7B2A31BE2A1845220073A0AC /* PokedexApp.swift */; };
		7B2A31C32A1845250073A0AC /* Assets.xcassets in Resources */ = {isa = PBXBuildFile; fileRef = 7B2A31C22A1845250073A0AC /* Assets.xcassets */; };
		7B2A31C62A1845250073A0AC /* Preview Assets.xcassets in Resources */ = {isa = PBXBuildFile; fileRef = 7B2A31C52A1845250073A0AC /* Preview Assets.xcassets */; };
		7B2A31D02A1845250073A0AC /* PokedexViewModelTest.swift in Sources */ = {isa = PBXBuildFile; fileRef = 7B2A31CF2A1845250073A0AC /* PokedexViewModelTest.swift */; };
		7B2A31EA2A186F730073A0AC /* Alamofire in Frameworks */ = {isa = PBXBuildFile; productRef = 7B2A31E92A186F730073A0AC /* Alamofire */; };
		7B2A31F02A186FEC0073A0AC /* PokedexRepository.swift in Sources */ = {isa = PBXBuildFile; fileRef = 7B2A31EF2A186FEC0073A0AC /* PokedexRepository.swift */; };
		7B2A31F22A1871060073A0AC /* PokedexRepositoryImpl.swift in Sources */ = {isa = PBXBuildFile; fileRef = 7B2A31F12A1871060073A0AC /* PokedexRepositoryImpl.swift */; };
		7B2A31F72A19701C0073A0AC /* APIPokemonDetail.swift in Sources */ = {isa = PBXBuildFile; fileRef = 7B2A31F62A19701B0073A0AC /* APIPokemonDetail.swift */; };
		7B2A31FC2A19706D0073A0AC /* Pokemon.swift in Sources */ = {isa = PBXBuildFile; fileRef = 7B2A31FB2A19706D0073A0AC /* Pokemon.swift */; };
		7B2A320A2A198C610073A0AC /* PokedexRemoteDataSource.swift in Sources */ = {isa = PBXBuildFile; fileRef = 7B2A32092A198C610073A0AC /* PokedexRemoteDataSource.swift */; };
		7B2A320C2A198C8D0073A0AC /* PokedexRemoteDataSourceImpl.swift in Sources */ = {isa = PBXBuildFile; fileRef = 7B2A320B2A198C8D0073A0AC /* PokedexRemoteDataSourceImpl.swift */; };
		7B2A32122A1991900073A0AC /* PokedexViewModel.swift in Sources */ = {isa = PBXBuildFile; fileRef = 7B2A32112A1991900073A0AC /* PokedexViewModel.swift */; };
		7B2A32152A1992340073A0AC /* Factory in Frameworks */ = {isa = PBXBuildFile; productRef = 7B2A32142A1992340073A0AC /* Factory */; };
		7B2A32182A1992630073A0AC /* ContainerFactoryExtension.swift in Sources */ = {isa = PBXBuildFile; fileRef = 7B2A32172A1992630073A0AC /* ContainerFactoryExtension.swift */; };
		7B2A321D2A1A738C0073A0AC /* Constants.swift in Sources */ = {isa = PBXBuildFile; fileRef = 7B2A321C2A1A738C0073A0AC /* Constants.swift */; };
		7B2A32232A1AAF760073A0AC /* APIColor.swift in Sources */ = {isa = PBXBuildFile; fileRef = 7B2A32222A1AAF760073A0AC /* APIColor.swift */; };
		7B2A32252A1AB01F0073A0AC /* APISpeciesDetail.swift in Sources */ = {isa = PBXBuildFile; fileRef = 7B2A32242A1AB01F0073A0AC /* APISpeciesDetail.swift */; };
		7B2A32282A1AC9CD0073A0AC /* RealmSwift in Frameworks */ = {isa = PBXBuildFile; productRef = 7B2A32272A1AC9CD0073A0AC /* RealmSwift */; };
		7B2A322C2A1AD4400073A0AC /* DataManager.swift in Sources */ = {isa = PBXBuildFile; fileRef = 7B2A322B2A1AD4400073A0AC /* DataManager.swift */; };
		7B2A322E2A1AD5290073A0AC /* DataManagerImpl.swift in Sources */ = {isa = PBXBuildFile; fileRef = 7B2A322D2A1AD5290073A0AC /* DataManagerImpl.swift */; };
		7B2A32312A1AD78C0073A0AC /* DBError.swift in Sources */ = {isa = PBXBuildFile; fileRef = 7B2A32302A1AD78C0073A0AC /* DBError.swift */; };
		7B2A32342A1AD98B0073A0AC /* PokedexLocalDataSource.swift in Sources */ = {isa = PBXBuildFile; fileRef = 7B2A32332A1AD98B0073A0AC /* PokedexLocalDataSource.swift */; };
		7B2A32392A1ADD4B0073A0AC /* PokedexLocalDataSourceImpl.swift in Sources */ = {isa = PBXBuildFile; fileRef = 7B2A32382A1ADD4B0073A0AC /* PokedexLocalDataSourceImpl.swift */; };
		7B2A323B2A1AE1A00073A0AC /* APIPokedex.swift in Sources */ = {isa = PBXBuildFile; fileRef = 7B2A323A2A1AE1A00073A0AC /* APIPokedex.swift */; };
		7B2A323D2A1AE2580073A0AC /* APIPokemon.swift in Sources */ = {isa = PBXBuildFile; fileRef = 7B2A323C2A1AE2580073A0AC /* APIPokemon.swift */; };
		7B2A32402A1AEBFB0073A0AC /* DomainError.swift in Sources */ = {isa = PBXBuildFile; fileRef = 7B2A323F2A1AEBFB0073A0AC /* DomainError.swift */; };
		7B2A32462A1BEAC30073A0AC /* APIError.swift in Sources */ = {isa = PBXBuildFile; fileRef = 7B2A32452A1BEAC30073A0AC /* APIError.swift */; };
		7B2A324A2A1BF8800073A0AC /* DBPokemonDetails.swift in Sources */ = {isa = PBXBuildFile; fileRef = 7B2A32492A1BF8800073A0AC /* DBPokemonDetails.swift */; };
		7B2A324C2A1BF9F70073A0AC /* Pokedex.swift in Sources */ = {isa = PBXBuildFile; fileRef = 7B2A324B2A1BF9F70073A0AC /* Pokedex.swift */; };
		7B2A324F2A1C0A8B0073A0AC /* GetAllLocalPokemonsUseCase.swift in Sources */ = {isa = PBXBuildFile; fileRef = 7B2A324E2A1C0A8B0073A0AC /* GetAllLocalPokemonsUseCase.swift */; };
		7B2A32542A1C0D6A0073A0AC /* PokedexStatus.swift in Sources */ = {isa = PBXBuildFile; fileRef = 7B2A32532A1C0D6A0073A0AC /* PokedexStatus.swift */; };
		7B4468CC2A23E33B00E997DA /* DBFavouritePokemon.swift in Sources */ = {isa = PBXBuildFile; fileRef = 7B4468CB2A23E33B00E997DA /* DBFavouritePokemon.swift */; };
		7B4468CE2A23E42900E997DA /* FavouritePokemon.swift in Sources */ = {isa = PBXBuildFile; fileRef = 7B4468CD2A23E42900E997DA /* FavouritePokemon.swift */; };
		7B4468D02A23E68E00E997DA /* DAOPokemonFavourite.swift in Sources */ = {isa = PBXBuildFile; fileRef = 7B4468CF2A23E68E00E997DA /* DAOPokemonFavourite.swift */; };
		7B4468D22A23E8C900E997DA /* GetAllLocalFavouritePokemonsUseCase.swift in Sources */ = {isa = PBXBuildFile; fileRef = 7B4468D12A23E8C900E997DA /* GetAllLocalFavouritePokemonsUseCase.swift */; };
		7B4468D42A23F17C00E997DA /* GetFavouritePokemonStatus.swift in Sources */ = {isa = PBXBuildFile; fileRef = 7B4468D32A23F17C00E997DA /* GetFavouritePokemonStatus.swift */; };
		7B4468D62A23F1C700E997DA /* PPokemonFavourite.swift in Sources */ = {isa = PBXBuildFile; fileRef = 7B4468D52A23F1C700E997DA /* PPokemonFavourite.swift */; };
		7B4468D82A23F3B200E997DA /* FavouritePokemonsViewModel.swift in Sources */ = {isa = PBXBuildFile; fileRef = 7B4468D72A23F3B200E997DA /* FavouritePokemonsViewModel.swift */; };
		7B4468DA2A23F49000E997DA /* SaveFavouritePokemonUseCase.swift in Sources */ = {isa = PBXBuildFile; fileRef = 7B4468D92A23F49000E997DA /* SaveFavouritePokemonUseCase.swift */; };
		7B4468DC2A23F8E900E997DA /* SavePokemonFavouriteStatus.swift in Sources */ = {isa = PBXBuildFile; fileRef = 7B4468DB2A23F8E900E997DA /* SavePokemonFavouriteStatus.swift */; };
		7B4468DE2A23FB3B00E997DA /* FavouritePokemonsView.swift in Sources */ = {isa = PBXBuildFile; fileRef = 7B4468DD2A23FB3B00E997DA /* FavouritePokemonsView.swift */; };
		7B4468E02A2407F200E997DA /* FavouritePokemonCard.swift in Sources */ = {isa = PBXBuildFile; fileRef = 7B4468DF2A2407F200E997DA /* FavouritePokemonCard.swift */; };
		7B4468E32A24234400E997DA /* AlertToast in Frameworks */ = {isa = PBXBuildFile; productRef = 7B4468E22A24234400E997DA /* AlertToast */; };
		7B44691E2A253C0D00E997DA /* PokedexRepositoryMockData.swift in Sources */ = {isa = PBXBuildFile; fileRef = 7B44691D2A253C0D00E997DA /* PokedexRepositoryMockData.swift */; };
		7B4469212A253EFC00E997DA /* RealmSwift in Frameworks */ = {isa = PBXBuildFile; productRef = 7B4469202A253EFC00E997DA /* RealmSwift */; };
		7B4469232A253EFF00E997DA /* Factory in Frameworks */ = {isa = PBXBuildFile; productRef = 7B4469222A253EFF00E997DA /* Factory */; };
		7B4469252A253FF200E997DA /* MockDataTest.swift in Sources */ = {isa = PBXBuildFile; fileRef = 7B4469242A253FF200E997DA /* MockDataTest.swift */; };
		7B4469272A25468400E997DA /* FavouritePokemonsViewModelTest.swift in Sources */ = {isa = PBXBuildFile; fileRef = 7B4469262A25468400E997DA /* FavouritePokemonsViewModelTest.swift */; };
		7B6532A92A22AC7A00602372 /* PokedexView.swift in Sources */ = {isa = PBXBuildFile; fileRef = 7B6532A82A22AC7A00602372 /* PokedexView.swift */; };
		7B6532AB2A22AF4100602372 /* PokemonCard.swift in Sources */ = {isa = PBXBuildFile; fileRef = 7B6532AA2A22AF4100602372 /* PokemonCard.swift */; };
		7B6532AD2A22AF5F00602372 /* PokemonDetailView.swift in Sources */ = {isa = PBXBuildFile; fileRef = 7B6532AC2A22AF5F00602372 /* PokemonDetailView.swift */; };
		7B6532AF2A22AF8D00602372 /* CarrouselView.swift in Sources */ = {isa = PBXBuildFile; fileRef = 7B6532AE2A22AF8D00602372 /* CarrouselView.swift */; };
		7B6532B22A22AFB500602372 /* Color.swift in Sources */ = {isa = PBXBuildFile; fileRef = 7B6532B12A22AFB500602372 /* Color.swift */; };
		7B6753592A1D946900AB0933 /* GetAllRemotePokemonsUseCase.swift in Sources */ = {isa = PBXBuildFile; fileRef = 7B6753582A1D946900AB0933 /* GetAllRemotePokemonsUseCase.swift */; };
		7B67536F2A20427C00AB0933 /* PokemonDetail.swift in Sources */ = {isa = PBXBuildFile; fileRef = 7B67536E2A20427B00AB0933 /* PokemonDetail.swift */; };
		7B6753722A21041100AB0933 /* DAORepresentable.swift in Sources */ = {isa = PBXBuildFile; fileRef = 7B6753712A21041100AB0933 /* DAORepresentable.swift */; };
		7B6753742A21062000AB0933 /* DAOPokemonDetail.swift in Sources */ = {isa = PBXBuildFile; fileRef = 7B6753732A21062000AB0933 /* DAOPokemonDetail.swift */; };
		7B6753762A210C1900AB0933 /* PPokemonDetails.swift in Sources */ = {isa = PBXBuildFile; fileRef = 7B6753752A210C1900AB0933 /* PPokemonDetails.swift */; };
/* End PBXBuildFile section */

/* Begin PBXContainerItemProxy section */
		7B2A31CC2A1845250073A0AC /* PBXContainerItemProxy */ = {
			isa = PBXContainerItemProxy;
			containerPortal = 7B2A31B32A1845210073A0AC /* Project object */;
			proxyType = 1;
			remoteGlobalIDString = 7B2A31BA2A1845220073A0AC;
			remoteInfo = Pokedex;
		};
		7B2A31D62A1845250073A0AC /* PBXContainerItemProxy */ = {
			isa = PBXContainerItemProxy;
			containerPortal = 7B2A31B32A1845210073A0AC /* Project object */;
			proxyType = 1;
			remoteGlobalIDString = 7B2A31BA2A1845220073A0AC;
			remoteInfo = Pokedex;
		};
/* End PBXContainerItemProxy section */

/* Begin PBXFileReference section */
		7B2A31BB2A1845220073A0AC /* Pokedex.app */ = {isa = PBXFileReference; explicitFileType = wrapper.application; includeInIndex = 0; path = Pokedex.app; sourceTree = BUILT_PRODUCTS_DIR; };
		7B2A31BE2A1845220073A0AC /* PokedexApp.swift */ = {isa = PBXFileReference; lastKnownFileType = sourcecode.swift; path = PokedexApp.swift; sourceTree = "<group>"; };
		7B2A31C22A1845250073A0AC /* Assets.xcassets */ = {isa = PBXFileReference; lastKnownFileType = folder.assetcatalog; path = Assets.xcassets; sourceTree = "<group>"; };
		7B2A31C52A1845250073A0AC /* Preview Assets.xcassets */ = {isa = PBXFileReference; lastKnownFileType = folder.assetcatalog; path = "Preview Assets.xcassets"; sourceTree = "<group>"; };
		7B2A31CB2A1845250073A0AC /* PokedexTests.xctest */ = {isa = PBXFileReference; explicitFileType = wrapper.cfbundle; includeInIndex = 0; path = PokedexTests.xctest; sourceTree = BUILT_PRODUCTS_DIR; };
		7B2A31CF2A1845250073A0AC /* PokedexViewModelTest.swift */ = {isa = PBXFileReference; lastKnownFileType = sourcecode.swift; path = PokedexViewModelTest.swift; sourceTree = "<group>"; };
		7B2A31D52A1845250073A0AC /* PokedexUITests.xctest */ = {isa = PBXFileReference; explicitFileType = wrapper.cfbundle; includeInIndex = 0; path = PokedexUITests.xctest; sourceTree = BUILT_PRODUCTS_DIR; };
		7B2A31EB2A186F960073A0AC /* Info.plist */ = {isa = PBXFileReference; lastKnownFileType = text.plist; path = Info.plist; sourceTree = "<group>"; };
		7B2A31EF2A186FEC0073A0AC /* PokedexRepository.swift */ = {isa = PBXFileReference; lastKnownFileType = sourcecode.swift; path = PokedexRepository.swift; sourceTree = "<group>"; };
		7B2A31F12A1871060073A0AC /* PokedexRepositoryImpl.swift */ = {isa = PBXFileReference; lastKnownFileType = sourcecode.swift; path = PokedexRepositoryImpl.swift; sourceTree = "<group>"; };
		7B2A31F62A19701B0073A0AC /* APIPokemonDetail.swift */ = {isa = PBXFileReference; lastKnownFileType = sourcecode.swift; path = APIPokemonDetail.swift; sourceTree = "<group>"; };
		7B2A31FB2A19706D0073A0AC /* Pokemon.swift */ = {isa = PBXFileReference; lastKnownFileType = sourcecode.swift; path = Pokemon.swift; sourceTree = "<group>"; };
		7B2A32092A198C610073A0AC /* PokedexRemoteDataSource.swift */ = {isa = PBXFileReference; lastKnownFileType = sourcecode.swift; path = PokedexRemoteDataSource.swift; sourceTree = "<group>"; };
		7B2A320B2A198C8D0073A0AC /* PokedexRemoteDataSourceImpl.swift */ = {isa = PBXFileReference; lastKnownFileType = sourcecode.swift; path = PokedexRemoteDataSourceImpl.swift; sourceTree = "<group>"; };
		7B2A32112A1991900073A0AC /* PokedexViewModel.swift */ = {isa = PBXFileReference; lastKnownFileType = sourcecode.swift; path = PokedexViewModel.swift; sourceTree = "<group>"; };
		7B2A32172A1992630073A0AC /* ContainerFactoryExtension.swift */ = {isa = PBXFileReference; lastKnownFileType = sourcecode.swift; path = ContainerFactoryExtension.swift; sourceTree = "<group>"; };
		7B2A321C2A1A738C0073A0AC /* Constants.swift */ = {isa = PBXFileReference; lastKnownFileType = sourcecode.swift; path = Constants.swift; sourceTree = "<group>"; };
		7B2A32222A1AAF760073A0AC /* APIColor.swift */ = {isa = PBXFileReference; lastKnownFileType = sourcecode.swift; path = APIColor.swift; sourceTree = "<group>"; };
		7B2A32242A1AB01F0073A0AC /* APISpeciesDetail.swift */ = {isa = PBXFileReference; lastKnownFileType = sourcecode.swift; path = APISpeciesDetail.swift; sourceTree = "<group>"; };
		7B2A322B2A1AD4400073A0AC /* DataManager.swift */ = {isa = PBXFileReference; lastKnownFileType = sourcecode.swift; path = DataManager.swift; sourceTree = "<group>"; };
		7B2A322D2A1AD5290073A0AC /* DataManagerImpl.swift */ = {isa = PBXFileReference; lastKnownFileType = sourcecode.swift; path = DataManagerImpl.swift; sourceTree = "<group>"; };
		7B2A32302A1AD78C0073A0AC /* DBError.swift */ = {isa = PBXFileReference; lastKnownFileType = sourcecode.swift; path = DBError.swift; sourceTree = "<group>"; };
		7B2A32332A1AD98B0073A0AC /* PokedexLocalDataSource.swift */ = {isa = PBXFileReference; lastKnownFileType = sourcecode.swift; path = PokedexLocalDataSource.swift; sourceTree = "<group>"; };
		7B2A32382A1ADD4B0073A0AC /* PokedexLocalDataSourceImpl.swift */ = {isa = PBXFileReference; lastKnownFileType = sourcecode.swift; path = PokedexLocalDataSourceImpl.swift; sourceTree = "<group>"; };
		7B2A323A2A1AE1A00073A0AC /* APIPokedex.swift */ = {isa = PBXFileReference; lastKnownFileType = sourcecode.swift; path = APIPokedex.swift; sourceTree = "<group>"; };
		7B2A323C2A1AE2580073A0AC /* APIPokemon.swift */ = {isa = PBXFileReference; lastKnownFileType = sourcecode.swift; path = APIPokemon.swift; sourceTree = "<group>"; };
		7B2A323F2A1AEBFB0073A0AC /* DomainError.swift */ = {isa = PBXFileReference; lastKnownFileType = sourcecode.swift; path = DomainError.swift; sourceTree = "<group>"; };
		7B2A32452A1BEAC30073A0AC /* APIError.swift */ = {isa = PBXFileReference; lastKnownFileType = sourcecode.swift; path = APIError.swift; sourceTree = "<group>"; };
		7B2A32492A1BF8800073A0AC /* DBPokemonDetails.swift */ = {isa = PBXFileReference; lastKnownFileType = sourcecode.swift; path = DBPokemonDetails.swift; sourceTree = "<group>"; };
		7B2A324B2A1BF9F70073A0AC /* Pokedex.swift */ = {isa = PBXFileReference; lastKnownFileType = sourcecode.swift; path = Pokedex.swift; sourceTree = "<group>"; };
		7B2A324E2A1C0A8B0073A0AC /* GetAllLocalPokemonsUseCase.swift */ = {isa = PBXFileReference; lastKnownFileType = sourcecode.swift; path = GetAllLocalPokemonsUseCase.swift; sourceTree = "<group>"; };
		7B2A32532A1C0D6A0073A0AC /* PokedexStatus.swift */ = {isa = PBXFileReference; lastKnownFileType = sourcecode.swift; path = PokedexStatus.swift; sourceTree = "<group>"; };
		7B4468CB2A23E33B00E997DA /* DBFavouritePokemon.swift */ = {isa = PBXFileReference; lastKnownFileType = sourcecode.swift; path = DBFavouritePokemon.swift; sourceTree = "<group>"; };
		7B4468CD2A23E42900E997DA /* FavouritePokemon.swift */ = {isa = PBXFileReference; lastKnownFileType = sourcecode.swift; path = FavouritePokemon.swift; sourceTree = "<group>"; };
		7B4468CF2A23E68E00E997DA /* DAOPokemonFavourite.swift */ = {isa = PBXFileReference; lastKnownFileType = sourcecode.swift; path = DAOPokemonFavourite.swift; sourceTree = "<group>"; };
		7B4468D12A23E8C900E997DA /* GetAllLocalFavouritePokemonsUseCase.swift */ = {isa = PBXFileReference; lastKnownFileType = sourcecode.swift; path = GetAllLocalFavouritePokemonsUseCase.swift; sourceTree = "<group>"; };
		7B4468D32A23F17C00E997DA /* GetFavouritePokemonStatus.swift */ = {isa = PBXFileReference; lastKnownFileType = sourcecode.swift; path = GetFavouritePokemonStatus.swift; sourceTree = "<group>"; };
		7B4468D52A23F1C700E997DA /* PPokemonFavourite.swift */ = {isa = PBXFileReference; lastKnownFileType = sourcecode.swift; path = PPokemonFavourite.swift; sourceTree = "<group>"; };
		7B4468D72A23F3B200E997DA /* FavouritePokemonsViewModel.swift */ = {isa = PBXFileReference; lastKnownFileType = sourcecode.swift; path = FavouritePokemonsViewModel.swift; sourceTree = "<group>"; };
		7B4468D92A23F49000E997DA /* SaveFavouritePokemonUseCase.swift */ = {isa = PBXFileReference; lastKnownFileType = sourcecode.swift; path = SaveFavouritePokemonUseCase.swift; sourceTree = "<group>"; };
		7B4468DB2A23F8E900E997DA /* SavePokemonFavouriteStatus.swift */ = {isa = PBXFileReference; lastKnownFileType = sourcecode.swift; path = SavePokemonFavouriteStatus.swift; sourceTree = "<group>"; };
		7B4468DD2A23FB3B00E997DA /* FavouritePokemonsView.swift */ = {isa = PBXFileReference; lastKnownFileType = sourcecode.swift; path = FavouritePokemonsView.swift; sourceTree = "<group>"; };
		7B4468DF2A2407F200E997DA /* FavouritePokemonCard.swift */ = {isa = PBXFileReference; lastKnownFileType = sourcecode.swift; path = FavouritePokemonCard.swift; sourceTree = "<group>"; };
		7B44691D2A253C0D00E997DA /* PokedexRepositoryMockData.swift */ = {isa = PBXFileReference; lastKnownFileType = sourcecode.swift; path = PokedexRepositoryMockData.swift; sourceTree = "<group>"; };
		7B4469242A253FF200E997DA /* MockDataTest.swift */ = {isa = PBXFileReference; lastKnownFileType = sourcecode.swift; path = MockDataTest.swift; sourceTree = "<group>"; };
		7B4469262A25468400E997DA /* FavouritePokemonsViewModelTest.swift */ = {isa = PBXFileReference; lastKnownFileType = sourcecode.swift; path = FavouritePokemonsViewModelTest.swift; sourceTree = "<group>"; };
		7B6532A82A22AC7A00602372 /* PokedexView.swift */ = {isa = PBXFileReference; lastKnownFileType = sourcecode.swift; path = PokedexView.swift; sourceTree = "<group>"; };
		7B6532AA2A22AF4100602372 /* PokemonCard.swift */ = {isa = PBXFileReference; lastKnownFileType = sourcecode.swift; path = PokemonCard.swift; sourceTree = "<group>"; };
		7B6532AC2A22AF5F00602372 /* PokemonDetailView.swift */ = {isa = PBXFileReference; lastKnownFileType = sourcecode.swift; path = PokemonDetailView.swift; sourceTree = "<group>"; };
		7B6532AE2A22AF8D00602372 /* CarrouselView.swift */ = {isa = PBXFileReference; lastKnownFileType = sourcecode.swift; path = CarrouselView.swift; sourceTree = "<group>"; };
		7B6532B12A22AFB500602372 /* Color.swift */ = {isa = PBXFileReference; lastKnownFileType = sourcecode.swift; path = Color.swift; sourceTree = "<group>"; };
		7B6753582A1D946900AB0933 /* GetAllRemotePokemonsUseCase.swift */ = {isa = PBXFileReference; lastKnownFileType = sourcecode.swift; path = GetAllRemotePokemonsUseCase.swift; sourceTree = "<group>"; };
		7B67536E2A20427B00AB0933 /* PokemonDetail.swift */ = {isa = PBXFileReference; lastKnownFileType = sourcecode.swift; path = PokemonDetail.swift; sourceTree = "<group>"; };
		7B6753712A21041100AB0933 /* DAORepresentable.swift */ = {isa = PBXFileReference; lastKnownFileType = sourcecode.swift; path = DAORepresentable.swift; sourceTree = "<group>"; };
		7B6753732A21062000AB0933 /* DAOPokemonDetail.swift */ = {isa = PBXFileReference; lastKnownFileType = sourcecode.swift; path = DAOPokemonDetail.swift; sourceTree = "<group>"; };
		7B6753752A210C1900AB0933 /* PPokemonDetails.swift */ = {isa = PBXFileReference; lastKnownFileType = sourcecode.swift; path = PPokemonDetails.swift; sourceTree = "<group>"; };
/* End PBXFileReference section */

/* Begin PBXFrameworksBuildPhase section */
		7B2A31B82A1845220073A0AC /* Frameworks */ = {
			isa = PBXFrameworksBuildPhase;
			buildActionMask = 2147483647;
			files = (
				7B2A32282A1AC9CD0073A0AC /* RealmSwift in Frameworks */,
				7B4468E32A24234400E997DA /* AlertToast in Frameworks */,
				7B2A31EA2A186F730073A0AC /* Alamofire in Frameworks */,
				7B2A32152A1992340073A0AC /* Factory in Frameworks */,
			);
			runOnlyForDeploymentPostprocessing = 0;
		};
		7B2A31C82A1845250073A0AC /* Frameworks */ = {
			isa = PBXFrameworksBuildPhase;
			buildActionMask = 2147483647;
			files = (
				7B4469212A253EFC00E997DA /* RealmSwift in Frameworks */,
				7B4469232A253EFF00E997DA /* Factory in Frameworks */,
			);
			runOnlyForDeploymentPostprocessing = 0;
		};
		7B2A31D22A1845250073A0AC /* Frameworks */ = {
			isa = PBXFrameworksBuildPhase;
			buildActionMask = 2147483647;
			files = (
			);
			runOnlyForDeploymentPostprocessing = 0;
		};
/* End PBXFrameworksBuildPhase section */

/* Begin PBXGroup section */
		7B2A31B22A1845210073A0AC = {
			isa = PBXGroup;
			children = (
				7B2A31BD2A1845220073A0AC /* Pokedex */,
				7B2A31CE2A1845250073A0AC /* PokedexTests */,
				7B2A31BC2A1845220073A0AC /* Products */,
				7B44691F2A253EFC00E997DA /* Frameworks */,
			);
			sourceTree = "<group>";
		};
		7B2A31BC2A1845220073A0AC /* Products */ = {
			isa = PBXGroup;
			children = (
				7B2A31BB2A1845220073A0AC /* Pokedex.app */,
				7B2A31CB2A1845250073A0AC /* PokedexTests.xctest */,
				7B2A31D52A1845250073A0AC /* PokedexUITests.xctest */,
			);
			name = Products;
			sourceTree = "<group>";
		};
		7B2A31BD2A1845220073A0AC /* Pokedex */ = {
			isa = PBXGroup;
			children = (
				7B6532B02A22AFA300602372 /* Extensions */,
				7B2A321B2A1A737A0073A0AC /* Constants */,
				7B2A32162A1992490073A0AC /* System */,
				7B2A31EE2A186FCF0073A0AC /* Domain */,
				7B2A31ED2A186FC80073A0AC /* Data */,
				7B2A31EC2A186FBF0073A0AC /* UI */,
				7B2A31EB2A186F960073A0AC /* Info.plist */,
				7B2A31BE2A1845220073A0AC /* PokedexApp.swift */,
				7B2A31C22A1845250073A0AC /* Assets.xcassets */,
				7B2A31C42A1845250073A0AC /* Preview Content */,
			);
			path = Pokedex;
			sourceTree = "<group>";
		};
		7B2A31C42A1845250073A0AC /* Preview Content */ = {
			isa = PBXGroup;
			children = (
				7B2A31C52A1845250073A0AC /* Preview Assets.xcassets */,
			);
			path = "Preview Content";
			sourceTree = "<group>";
		};
		7B2A31CE2A1845250073A0AC /* PokedexTests */ = {
			isa = PBXGroup;
			children = (
				7B44691C2A253BE500E997DA /* MockData */,
				7B2A31CF2A1845250073A0AC /* PokedexViewModelTest.swift */,
				7B4469262A25468400E997DA /* FavouritePokemonsViewModelTest.swift */,
			);
			path = PokedexTests;
			sourceTree = "<group>";
		};
		7B2A31EC2A186FBF0073A0AC /* UI */ = {
			isa = PBXGroup;
			children = (
				7B2A32522A1C0D460073A0AC /* States */,
				7B2A32102A19916B0073A0AC /* Views */,
				7B2A320F2A19915E0073A0AC /* View Models */,
				7B2A31FD2A19707D0073A0AC /* Model */,
			);
			path = UI;
			sourceTree = "<group>";
		};
		7B2A31ED2A186FC80073A0AC /* Data */ = {
			isa = PBXGroup;
			children = (
				7B2A32292A1ACADE0073A0AC /* Local */,
				7B2A32082A198C480073A0AC /* Remote */,
				7B2A31F92A1970470073A0AC /* Repository */,
			);
			path = Data;
			sourceTree = "<group>";
		};
		7B2A31EE2A186FCF0073A0AC /* Domain */ = {
			isa = PBXGroup;
			children = (
				7B2A324D2A1C0A6B0073A0AC /* Use cases */,
				7B2A323E2A1AEBE40073A0AC /* Error */,
				7B2A31FA2A1970630073A0AC /* Model */,
			);
			path = Domain;
			sourceTree = "<group>";
		};
		7B2A31F82A1970220073A0AC /* Model */ = {
			isa = PBXGroup;
			children = (
				7B2A31F62A19701B0073A0AC /* APIPokemonDetail.swift */,
				7B2A32222A1AAF760073A0AC /* APIColor.swift */,
				7B2A32242A1AB01F0073A0AC /* APISpeciesDetail.swift */,
				7B2A323A2A1AE1A00073A0AC /* APIPokedex.swift */,
				7B2A323C2A1AE2580073A0AC /* APIPokemon.swift */,
			);
			path = Model;
			sourceTree = "<group>";
		};
		7B2A31F92A1970470073A0AC /* Repository */ = {
			isa = PBXGroup;
			children = (
				7B2A31EF2A186FEC0073A0AC /* PokedexRepository.swift */,
				7B2A31F12A1871060073A0AC /* PokedexRepositoryImpl.swift */,
			);
			path = Repository;
			sourceTree = "<group>";
		};
		7B2A31FA2A1970630073A0AC /* Model */ = {
			isa = PBXGroup;
			children = (
				7B2A31FB2A19706D0073A0AC /* Pokemon.swift */,
				7B2A324B2A1BF9F70073A0AC /* Pokedex.swift */,
				7B67536E2A20427B00AB0933 /* PokemonDetail.swift */,
				7B4468CD2A23E42900E997DA /* FavouritePokemon.swift */,
			);
			path = Model;
			sourceTree = "<group>";
		};
		7B2A31FD2A19707D0073A0AC /* Model */ = {
			isa = PBXGroup;
			children = (
				7B6753752A210C1900AB0933 /* PPokemonDetails.swift */,
				7B4468D52A23F1C700E997DA /* PPokemonFavourite.swift */,
			);
			path = Model;
			sourceTree = "<group>";
		};
		7B2A32082A198C480073A0AC /* Remote */ = {
			isa = PBXGroup;
			children = (
				7B2A32442A1BEAB40073A0AC /* Error */,
				7B2A32432A1BEAA00073A0AC /* Data Source */,
				7B2A31F82A1970220073A0AC /* Model */,
			);
			path = Remote;
			sourceTree = "<group>";
		};
		7B2A320F2A19915E0073A0AC /* View Models */ = {
			isa = PBXGroup;
			children = (
				7B2A32112A1991900073A0AC /* PokedexViewModel.swift */,
				7B4468D72A23F3B200E997DA /* FavouritePokemonsViewModel.swift */,
			);
			path = "View Models";
			sourceTree = "<group>";
		};
		7B2A32102A19916B0073A0AC /* Views */ = {
			isa = PBXGroup;
			children = (
				7B6532A82A22AC7A00602372 /* PokedexView.swift */,
				7B6532AA2A22AF4100602372 /* PokemonCard.swift */,
				7B6532AC2A22AF5F00602372 /* PokemonDetailView.swift */,
				7B6532AE2A22AF8D00602372 /* CarrouselView.swift */,
				7B4468DD2A23FB3B00E997DA /* FavouritePokemonsView.swift */,
				7B4468DF2A2407F200E997DA /* FavouritePokemonCard.swift */,
			);
			path = Views;
			sourceTree = "<group>";
		};
		7B2A32162A1992490073A0AC /* System */ = {
			isa = PBXGroup;
			children = (
				7B2A32172A1992630073A0AC /* ContainerFactoryExtension.swift */,
			);
			path = System;
			sourceTree = "<group>";
		};
		7B2A321B2A1A737A0073A0AC /* Constants */ = {
			isa = PBXGroup;
			children = (
				7B2A321C2A1A738C0073A0AC /* Constants.swift */,
			);
			path = Constants;
			sourceTree = "<group>";
		};
		7B2A32292A1ACADE0073A0AC /* Local */ = {
			isa = PBXGroup;
			children = (
				7B6753702A2103F800AB0933 /* Database */,
				7B2A32352A1AD9CF0073A0AC /* Model */,
				7B2A32322A1AD96F0073A0AC /* Data Source */,
				7B2A322F2A1AD7820073A0AC /* Error */,
				7B2A322A2A1AD42C0073A0AC /* Manager */,
			);
			path = Local;
			sourceTree = "<group>";
		};
		7B2A322A2A1AD42C0073A0AC /* Manager */ = {
			isa = PBXGroup;
			children = (
				7B2A322B2A1AD4400073A0AC /* DataManager.swift */,
				7B2A322D2A1AD5290073A0AC /* DataManagerImpl.swift */,
			);
			path = Manager;
			sourceTree = "<group>";
		};
		7B2A322F2A1AD7820073A0AC /* Error */ = {
			isa = PBXGroup;
			children = (
				7B2A32302A1AD78C0073A0AC /* DBError.swift */,
			);
			path = Error;
			sourceTree = "<group>";
		};
		7B2A32322A1AD96F0073A0AC /* Data Source */ = {
			isa = PBXGroup;
			children = (
				7B2A32332A1AD98B0073A0AC /* PokedexLocalDataSource.swift */,
				7B2A32382A1ADD4B0073A0AC /* PokedexLocalDataSourceImpl.swift */,
			);
			path = "Data Source";
			sourceTree = "<group>";
		};
		7B2A32352A1AD9CF0073A0AC /* Model */ = {
			isa = PBXGroup;
			children = (
				7B2A32492A1BF8800073A0AC /* DBPokemonDetails.swift */,
				7B4468CB2A23E33B00E997DA /* DBFavouritePokemon.swift */,
			);
			path = Model;
			sourceTree = "<group>";
		};
		7B2A323E2A1AEBE40073A0AC /* Error */ = {
			isa = PBXGroup;
			children = (
				7B2A323F2A1AEBFB0073A0AC /* DomainError.swift */,
			);
			path = Error;
			sourceTree = "<group>";
		};
		7B2A32432A1BEAA00073A0AC /* Data Source */ = {
			isa = PBXGroup;
			children = (
				7B2A32092A198C610073A0AC /* PokedexRemoteDataSource.swift */,
				7B2A320B2A198C8D0073A0AC /* PokedexRemoteDataSourceImpl.swift */,
			);
			path = "Data Source";
			sourceTree = "<group>";
		};
		7B2A32442A1BEAB40073A0AC /* Error */ = {
			isa = PBXGroup;
			children = (
				7B2A32452A1BEAC30073A0AC /* APIError.swift */,
			);
			path = Error;
			sourceTree = "<group>";
		};
		7B2A324D2A1C0A6B0073A0AC /* Use cases */ = {
			isa = PBXGroup;
			children = (
				7B2A324E2A1C0A8B0073A0AC /* GetAllLocalPokemonsUseCase.swift */,
				7B4468D12A23E8C900E997DA /* GetAllLocalFavouritePokemonsUseCase.swift */,
				7B6753582A1D946900AB0933 /* GetAllRemotePokemonsUseCase.swift */,
				7B4468D92A23F49000E997DA /* SaveFavouritePokemonUseCase.swift */,
			);
			path = "Use cases";
			sourceTree = "<group>";
		};
		7B2A32522A1C0D460073A0AC /* States */ = {
			isa = PBXGroup;
			children = (
				7B2A32532A1C0D6A0073A0AC /* PokedexStatus.swift */,
				7B4468D32A23F17C00E997DA /* GetFavouritePokemonStatus.swift */,
				7B4468DB2A23F8E900E997DA /* SavePokemonFavouriteStatus.swift */,
			);
			path = States;
			sourceTree = "<group>";
		};
		7B44691C2A253BE500E997DA /* MockData */ = {
			isa = PBXGroup;
			children = (
				7B44691D2A253C0D00E997DA /* PokedexRepositoryMockData.swift */,
				7B4469242A253FF200E997DA /* MockDataTest.swift */,
			);
			path = MockData;
			sourceTree = "<group>";
		};
		7B44691F2A253EFC00E997DA /* Frameworks */ = {
			isa = PBXGroup;
			children = (
			);
			name = Frameworks;
			sourceTree = "<group>";
		};
		7B6532B02A22AFA300602372 /* Extensions */ = {
			isa = PBXGroup;
			children = (
				7B6532B12A22AFB500602372 /* Color.swift */,
			);
			path = Extensions;
			sourceTree = "<group>";
		};
		7B6753702A2103F800AB0933 /* Database */ = {
			isa = PBXGroup;
			children = (
				7B6753712A21041100AB0933 /* DAORepresentable.swift */,
				7B6753732A21062000AB0933 /* DAOPokemonDetail.swift */,
				7B4468CF2A23E68E00E997DA /* DAOPokemonFavourite.swift */,
			);
			path = Database;
			sourceTree = "<group>";
		};
/* End PBXGroup section */

/* Begin PBXNativeTarget section */
		7B2A31BA2A1845220073A0AC /* Pokedex */ = {
			isa = PBXNativeTarget;
			buildConfigurationList = 7B2A31DF2A1845250073A0AC /* Build configuration list for PBXNativeTarget "Pokedex" */;
			buildPhases = (
				7B2A31B72A1845220073A0AC /* Sources */,
				7B2A31B82A1845220073A0AC /* Frameworks */,
				7B2A31B92A1845220073A0AC /* Resources */,
			);
			buildRules = (
			);
			dependencies = (
			);
			name = Pokedex;
			packageProductDependencies = (
				7B2A31E92A186F730073A0AC /* Alamofire */,
				7B2A32142A1992340073A0AC /* Factory */,
				7B2A32272A1AC9CD0073A0AC /* RealmSwift */,
				7B4468E22A24234400E997DA /* AlertToast */,
			);
			productName = Pokedex;
			productReference = 7B2A31BB2A1845220073A0AC /* Pokedex.app */;
			productType = "com.apple.product-type.application";
		};
		7B2A31CA2A1845250073A0AC /* PokedexTests */ = {
			isa = PBXNativeTarget;
			buildConfigurationList = 7B2A31E22A1845250073A0AC /* Build configuration list for PBXNativeTarget "PokedexTests" */;
			buildPhases = (
				7B2A31C72A1845250073A0AC /* Sources */,
				7B2A31C82A1845250073A0AC /* Frameworks */,
				7B2A31C92A1845250073A0AC /* Resources */,
			);
			buildRules = (
			);
			dependencies = (
				7B2A31CD2A1845250073A0AC /* PBXTargetDependency */,
			);
			name = PokedexTests;
			packageProductDependencies = (
				7B4469202A253EFC00E997DA /* RealmSwift */,
				7B4469222A253EFF00E997DA /* Factory */,
			);
			productName = PokedexTests;
			productReference = 7B2A31CB2A1845250073A0AC /* PokedexTests.xctest */;
			productType = "com.apple.product-type.bundle.unit-test";
		};
		7B2A31D42A1845250073A0AC /* PokedexUITests */ = {
			isa = PBXNativeTarget;
			buildConfigurationList = 7B2A31E52A1845250073A0AC /* Build configuration list for PBXNativeTarget "PokedexUITests" */;
			buildPhases = (
				7B2A31D12A1845250073A0AC /* Sources */,
				7B2A31D22A1845250073A0AC /* Frameworks */,
				7B2A31D32A1845250073A0AC /* Resources */,
			);
			buildRules = (
			);
			dependencies = (
				7B2A31D72A1845250073A0AC /* PBXTargetDependency */,
			);
			name = PokedexUITests;
			productName = PokedexUITests;
			productReference = 7B2A31D52A1845250073A0AC /* PokedexUITests.xctest */;
			productType = "com.apple.product-type.bundle.ui-testing";
		};
/* End PBXNativeTarget section */

/* Begin PBXProject section */
		7B2A31B32A1845210073A0AC /* Project object */ = {
			isa = PBXProject;
			attributes = {
				BuildIndependentTargetsInParallel = 1;
				LastSwiftUpdateCheck = 1420;
				LastUpgradeCheck = 1420;
				TargetAttributes = {
					7B2A31BA2A1845220073A0AC = {
						CreatedOnToolsVersion = 14.2;
					};
					7B2A31CA2A1845250073A0AC = {
						CreatedOnToolsVersion = 14.2;
						TestTargetID = 7B2A31BA2A1845220073A0AC;
					};
					7B2A31D42A1845250073A0AC = {
						CreatedOnToolsVersion = 14.2;
						TestTargetID = 7B2A31BA2A1845220073A0AC;
					};
				};
			};
			buildConfigurationList = 7B2A31B62A1845210073A0AC /* Build configuration list for PBXProject "Pokedex" */;
			compatibilityVersion = "Xcode 14.0";
			developmentRegion = en;
			hasScannedForEncodings = 0;
			knownRegions = (
				en,
				Base,
			);
			mainGroup = 7B2A31B22A1845210073A0AC;
			packageReferences = (
				7B2A31E82A186F730073A0AC /* XCRemoteSwiftPackageReference "Alamofire" */,
				7B2A32132A1992340073A0AC /* XCRemoteSwiftPackageReference "Factory" */,
				7B2A32262A1AC9CD0073A0AC /* XCRemoteSwiftPackageReference "realm-swift" */,
				7B4468E12A24234400E997DA /* XCRemoteSwiftPackageReference "AlertToast" */,
			);
			productRefGroup = 7B2A31BC2A1845220073A0AC /* Products */;
			projectDirPath = "";
			projectRoot = "";
			targets = (
				7B2A31BA2A1845220073A0AC /* Pokedex */,
				7B2A31CA2A1845250073A0AC /* PokedexTests */,
				7B2A31D42A1845250073A0AC /* PokedexUITests */,
			);
		};
/* End PBXProject section */

/* Begin PBXResourcesBuildPhase section */
		7B2A31B92A1845220073A0AC /* Resources */ = {
			isa = PBXResourcesBuildPhase;
			buildActionMask = 2147483647;
			files = (
				7B2A31C62A1845250073A0AC /* Preview Assets.xcassets in Resources */,
				7B2A31C32A1845250073A0AC /* Assets.xcassets in Resources */,
			);
			runOnlyForDeploymentPostprocessing = 0;
		};
		7B2A31C92A1845250073A0AC /* Resources */ = {
			isa = PBXResourcesBuildPhase;
			buildActionMask = 2147483647;
			files = (
			);
			runOnlyForDeploymentPostprocessing = 0;
		};
		7B2A31D32A1845250073A0AC /* Resources */ = {
			isa = PBXResourcesBuildPhase;
			buildActionMask = 2147483647;
			files = (
			);
			runOnlyForDeploymentPostprocessing = 0;
		};
/* End PBXResourcesBuildPhase section */

/* Begin PBXSourcesBuildPhase section */
		7B2A31B72A1845220073A0AC /* Sources */ = {
			isa = PBXSourcesBuildPhase;
			buildActionMask = 2147483647;
			files = (
				7B2A324A2A1BF8800073A0AC /* DBPokemonDetails.swift in Sources */,
				7B2A31FC2A19706D0073A0AC /* Pokemon.swift in Sources */,
				7B2A324C2A1BF9F70073A0AC /* Pokedex.swift in Sources */,
				7B2A321D2A1A738C0073A0AC /* Constants.swift in Sources */,
				7B2A31F72A19701C0073A0AC /* APIPokemonDetail.swift in Sources */,
				7B4468DA2A23F49000E997DA /* SaveFavouritePokemonUseCase.swift in Sources */,
				7B2A32182A1992630073A0AC /* ContainerFactoryExtension.swift in Sources */,
				7B2A322C2A1AD4400073A0AC /* DataManager.swift in Sources */,
				7B4468CE2A23E42900E997DA /* FavouritePokemon.swift in Sources */,
				7B2A32392A1ADD4B0073A0AC /* PokedexLocalDataSourceImpl.swift in Sources */,
				7B4468D42A23F17C00E997DA /* GetFavouritePokemonStatus.swift in Sources */,
				7B2A32122A1991900073A0AC /* PokedexViewModel.swift in Sources */,
				7B2A324F2A1C0A8B0073A0AC /* GetAllLocalPokemonsUseCase.swift in Sources */,
				7B6532A92A22AC7A00602372 /* PokedexView.swift in Sources */,
				7B2A32312A1AD78C0073A0AC /* DBError.swift in Sources */,
				7B2A323D2A1AE2580073A0AC /* APIPokemon.swift in Sources */,
				7B2A32462A1BEAC30073A0AC /* APIError.swift in Sources */,
				7B2A320C2A198C8D0073A0AC /* PokedexRemoteDataSourceImpl.swift in Sources */,
				7B6753742A21062000AB0933 /* DAOPokemonDetail.swift in Sources */,
				7B2A32542A1C0D6A0073A0AC /* PokedexStatus.swift in Sources */,
				7B2A320A2A198C610073A0AC /* PokedexRemoteDataSource.swift in Sources */,
				7B2A32342A1AD98B0073A0AC /* PokedexLocalDataSource.swift in Sources */,
				7B6753722A21041100AB0933 /* DAORepresentable.swift in Sources */,
				7B2A32402A1AEBFB0073A0AC /* DomainError.swift in Sources */,
				7B4468DC2A23F8E900E997DA /* SavePokemonFavouriteStatus.swift in Sources */,
				7B2A31F22A1871060073A0AC /* PokedexRepositoryImpl.swift in Sources */,
				7B67536F2A20427C00AB0933 /* PokemonDetail.swift in Sources */,
				7B4468CC2A23E33B00E997DA /* DBFavouritePokemon.swift in Sources */,
				7B6532B22A22AFB500602372 /* Color.swift in Sources */,
				7B6753592A1D946900AB0933 /* GetAllRemotePokemonsUseCase.swift in Sources */,
				7B2A32252A1AB01F0073A0AC /* APISpeciesDetail.swift in Sources */,
				7B4468E02A2407F200E997DA /* FavouritePokemonCard.swift in Sources */,
				7B4468D22A23E8C900E997DA /* GetAllLocalFavouritePokemonsUseCase.swift in Sources */,
				7B4468D62A23F1C700E997DA /* PPokemonFavourite.swift in Sources */,
				7B4468D02A23E68E00E997DA /* DAOPokemonFavourite.swift in Sources */,
				7B6532AD2A22AF5F00602372 /* PokemonDetailView.swift in Sources */,
				7B2A31F02A186FEC0073A0AC /* PokedexRepository.swift in Sources */,
				7B2A32232A1AAF760073A0AC /* APIColor.swift in Sources */,
				7B4468DE2A23FB3B00E997DA /* FavouritePokemonsView.swift in Sources */,
				7B2A31BF2A1845220073A0AC /* PokedexApp.swift in Sources */,
				7B2A323B2A1AE1A00073A0AC /* APIPokedex.swift in Sources */,
				7B2A322E2A1AD5290073A0AC /* DataManagerImpl.swift in Sources */,
				7B6753762A210C1900AB0933 /* PPokemonDetails.swift in Sources */,
				7B6532AB2A22AF4100602372 /* PokemonCard.swift in Sources */,
				7B4468D82A23F3B200E997DA /* FavouritePokemonsViewModel.swift in Sources */,
				7B6532AF2A22AF8D00602372 /* CarrouselView.swift in Sources */,
			);
			runOnlyForDeploymentPostprocessing = 0;
		};
		7B2A31C72A1845250073A0AC /* Sources */ = {
			isa = PBXSourcesBuildPhase;
			buildActionMask = 2147483647;
			files = (
				7B4469272A25468400E997DA /* FavouritePokemonsViewModelTest.swift in Sources */,
				7B44691E2A253C0D00E997DA /* PokedexRepositoryMockData.swift in Sources */,
				7B4469252A253FF200E997DA /* MockDataTest.swift in Sources */,
				7B2A31D02A1845250073A0AC /* PokedexViewModelTest.swift in Sources */,
			);
			runOnlyForDeploymentPostprocessing = 0;
		};
		7B2A31D12A1845250073A0AC /* Sources */ = {
			isa = PBXSourcesBuildPhase;
			buildActionMask = 2147483647;
			files = (
			);
			runOnlyForDeploymentPostprocessing = 0;
		};
/* End PBXSourcesBuildPhase section */

/* Begin PBXTargetDependency section */
		7B2A31CD2A1845250073A0AC /* PBXTargetDependency */ = {
			isa = PBXTargetDependency;
			target = 7B2A31BA2A1845220073A0AC /* Pokedex */;
			targetProxy = 7B2A31CC2A1845250073A0AC /* PBXContainerItemProxy */;
		};
		7B2A31D72A1845250073A0AC /* PBXTargetDependency */ = {
			isa = PBXTargetDependency;
			target = 7B2A31BA2A1845220073A0AC /* Pokedex */;
			targetProxy = 7B2A31D62A1845250073A0AC /* PBXContainerItemProxy */;
		};
/* End PBXTargetDependency section */

/* Begin XCBuildConfiguration section */
		7B2A31DD2A1845250073A0AC /* Debug */ = {
			isa = XCBuildConfiguration;
			buildSettings = {
				ALWAYS_SEARCH_USER_PATHS = NO;
				CLANG_ANALYZER_NONNULL = YES;
				CLANG_ANALYZER_NUMBER_OBJECT_CONVERSION = YES_AGGRESSIVE;
				CLANG_CXX_LANGUAGE_STANDARD = "gnu++20";
				CLANG_ENABLE_MODULES = YES;
				CLANG_ENABLE_OBJC_ARC = YES;
				CLANG_ENABLE_OBJC_WEAK = YES;
				CLANG_WARN_BLOCK_CAPTURE_AUTORELEASING = YES;
				CLANG_WARN_BOOL_CONVERSION = YES;
				CLANG_WARN_COMMA = YES;
				CLANG_WARN_CONSTANT_CONVERSION = YES;
				CLANG_WARN_DEPRECATED_OBJC_IMPLEMENTATIONS = YES;
				CLANG_WARN_DIRECT_OBJC_ISA_USAGE = YES_ERROR;
				CLANG_WARN_DOCUMENTATION_COMMENTS = YES;
				CLANG_WARN_EMPTY_BODY = YES;
				CLANG_WARN_ENUM_CONVERSION = YES;
				CLANG_WARN_INFINITE_RECURSION = YES;
				CLANG_WARN_INT_CONVERSION = YES;
				CLANG_WARN_NON_LITERAL_NULL_CONVERSION = YES;
				CLANG_WARN_OBJC_IMPLICIT_RETAIN_SELF = YES;
				CLANG_WARN_OBJC_LITERAL_CONVERSION = YES;
				CLANG_WARN_OBJC_ROOT_CLASS = YES_ERROR;
				CLANG_WARN_QUOTED_INCLUDE_IN_FRAMEWORK_HEADER = YES;
				CLANG_WARN_RANGE_LOOP_ANALYSIS = YES;
				CLANG_WARN_STRICT_PROTOTYPES = YES;
				CLANG_WARN_SUSPICIOUS_MOVE = YES;
				CLANG_WARN_UNGUARDED_AVAILABILITY = YES_AGGRESSIVE;
				CLANG_WARN_UNREACHABLE_CODE = YES;
				CLANG_WARN__DUPLICATE_METHOD_MATCH = YES;
				COPY_PHASE_STRIP = NO;
				DEBUG_INFORMATION_FORMAT = dwarf;
				ENABLE_STRICT_OBJC_MSGSEND = YES;
				ENABLE_TESTABILITY = YES;
				GCC_C_LANGUAGE_STANDARD = gnu11;
				GCC_DYNAMIC_NO_PIC = NO;
				GCC_NO_COMMON_BLOCKS = YES;
				GCC_OPTIMIZATION_LEVEL = 0;
				GCC_PREPROCESSOR_DEFINITIONS = (
					"DEBUG=1",
					"$(inherited)",
				);
				GCC_WARN_64_TO_32_BIT_CONVERSION = YES;
				GCC_WARN_ABOUT_RETURN_TYPE = YES_ERROR;
				GCC_WARN_UNDECLARED_SELECTOR = YES;
				GCC_WARN_UNINITIALIZED_AUTOS = YES_AGGRESSIVE;
				GCC_WARN_UNUSED_FUNCTION = YES;
				GCC_WARN_UNUSED_VARIABLE = YES;
				IPHONEOS_DEPLOYMENT_TARGET = 16.2;
				MTL_ENABLE_DEBUG_INFO = INCLUDE_SOURCE;
				MTL_FAST_MATH = YES;
				ONLY_ACTIVE_ARCH = YES;
				SDKROOT = iphoneos;
				SWIFT_ACTIVE_COMPILATION_CONDITIONS = DEBUG;
				SWIFT_OPTIMIZATION_LEVEL = "-Onone";
			};
			name = Debug;
		};
		7B2A31DE2A1845250073A0AC /* Release */ = {
			isa = XCBuildConfiguration;
			buildSettings = {
				ALWAYS_SEARCH_USER_PATHS = NO;
				CLANG_ANALYZER_NONNULL = YES;
				CLANG_ANALYZER_NUMBER_OBJECT_CONVERSION = YES_AGGRESSIVE;
				CLANG_CXX_LANGUAGE_STANDARD = "gnu++20";
				CLANG_ENABLE_MODULES = YES;
				CLANG_ENABLE_OBJC_ARC = YES;
				CLANG_ENABLE_OBJC_WEAK = YES;
				CLANG_WARN_BLOCK_CAPTURE_AUTORELEASING = YES;
				CLANG_WARN_BOOL_CONVERSION = YES;
				CLANG_WARN_COMMA = YES;
				CLANG_WARN_CONSTANT_CONVERSION = YES;
				CLANG_WARN_DEPRECATED_OBJC_IMPLEMENTATIONS = YES;
				CLANG_WARN_DIRECT_OBJC_ISA_USAGE = YES_ERROR;
				CLANG_WARN_DOCUMENTATION_COMMENTS = YES;
				CLANG_WARN_EMPTY_BODY = YES;
				CLANG_WARN_ENUM_CONVERSION = YES;
				CLANG_WARN_INFINITE_RECURSION = YES;
				CLANG_WARN_INT_CONVERSION = YES;
				CLANG_WARN_NON_LITERAL_NULL_CONVERSION = YES;
				CLANG_WARN_OBJC_IMPLICIT_RETAIN_SELF = YES;
				CLANG_WARN_OBJC_LITERAL_CONVERSION = YES;
				CLANG_WARN_OBJC_ROOT_CLASS = YES_ERROR;
				CLANG_WARN_QUOTED_INCLUDE_IN_FRAMEWORK_HEADER = YES;
				CLANG_WARN_RANGE_LOOP_ANALYSIS = YES;
				CLANG_WARN_STRICT_PROTOTYPES = YES;
				CLANG_WARN_SUSPICIOUS_MOVE = YES;
				CLANG_WARN_UNGUARDED_AVAILABILITY = YES_AGGRESSIVE;
				CLANG_WARN_UNREACHABLE_CODE = YES;
				CLANG_WARN__DUPLICATE_METHOD_MATCH = YES;
				COPY_PHASE_STRIP = NO;
				DEBUG_INFORMATION_FORMAT = "dwarf-with-dsym";
				ENABLE_NS_ASSERTIONS = NO;
				ENABLE_STRICT_OBJC_MSGSEND = YES;
				GCC_C_LANGUAGE_STANDARD = gnu11;
				GCC_NO_COMMON_BLOCKS = YES;
				GCC_WARN_64_TO_32_BIT_CONVERSION = YES;
				GCC_WARN_ABOUT_RETURN_TYPE = YES_ERROR;
				GCC_WARN_UNDECLARED_SELECTOR = YES;
				GCC_WARN_UNINITIALIZED_AUTOS = YES_AGGRESSIVE;
				GCC_WARN_UNUSED_FUNCTION = YES;
				GCC_WARN_UNUSED_VARIABLE = YES;
				IPHONEOS_DEPLOYMENT_TARGET = 16.2;
				MTL_ENABLE_DEBUG_INFO = NO;
				MTL_FAST_MATH = YES;
				SDKROOT = iphoneos;
				SWIFT_COMPILATION_MODE = wholemodule;
				SWIFT_OPTIMIZATION_LEVEL = "-O";
				VALIDATE_PRODUCT = YES;
			};
			name = Release;
		};
		7B2A31E02A1845250073A0AC /* Debug */ = {
			isa = XCBuildConfiguration;
			buildSettings = {
				ASSETCATALOG_COMPILER_APPICON_NAME = AppIcon;
				ASSETCATALOG_COMPILER_GLOBAL_ACCENT_COLOR_NAME = AccentColor;
				CODE_SIGN_STYLE = Automatic;
				CURRENT_PROJECT_VERSION = 1;
				DEVELOPMENT_ASSET_PATHS = "\"Pokedex/Preview Content\"";
				DEVELOPMENT_TEAM = 5A8B2AK6DX;
				ENABLE_PREVIEWS = YES;
				GENERATE_INFOPLIST_FILE = YES;
				INFOPLIST_FILE = Pokedex/Info.plist;
				INFOPLIST_KEY_UIApplicationSceneManifest_Generation = YES;
				INFOPLIST_KEY_UIApplicationSupportsIndirectInputEvents = YES;
				INFOPLIST_KEY_UILaunchScreen_Generation = YES;
				INFOPLIST_KEY_UISupportedInterfaceOrientations_iPad = "UIInterfaceOrientationPortrait UIInterfaceOrientationPortraitUpsideDown UIInterfaceOrientationLandscapeLeft UIInterfaceOrientationLandscapeRight";
				INFOPLIST_KEY_UISupportedInterfaceOrientations_iPhone = "UIInterfaceOrientationPortrait UIInterfaceOrientationLandscapeLeft UIInterfaceOrientationLandscapeRight";
				LD_RUNPATH_SEARCH_PATHS = (
					"$(inherited)",
					"@executable_path/Frameworks",
				);
				MARKETING_VERSION = 1.0;
				PRODUCT_BUNDLE_IDENTIFIER = com.valentina.Pokedex;
				PRODUCT_NAME = "$(TARGET_NAME)";
				SWIFT_EMIT_LOC_STRINGS = YES;
				SWIFT_VERSION = 5.0;
				TARGETED_DEVICE_FAMILY = "1,2";
			};
			name = Debug;
		};
		7B2A31E12A1845250073A0AC /* Release */ = {
			isa = XCBuildConfiguration;
			buildSettings = {
				ASSETCATALOG_COMPILER_APPICON_NAME = AppIcon;
				ASSETCATALOG_COMPILER_GLOBAL_ACCENT_COLOR_NAME = AccentColor;
				CODE_SIGN_STYLE = Automatic;
				CURRENT_PROJECT_VERSION = 1;
				DEVELOPMENT_ASSET_PATHS = "\"Pokedex/Preview Content\"";
				DEVELOPMENT_TEAM = 5A8B2AK6DX;
				ENABLE_PREVIEWS = YES;
				GENERATE_INFOPLIST_FILE = YES;
				INFOPLIST_FILE = Pokedex/Info.plist;
				INFOPLIST_KEY_UIApplicationSceneManifest_Generation = YES;
				INFOPLIST_KEY_UIApplicationSupportsIndirectInputEvents = YES;
				INFOPLIST_KEY_UILaunchScreen_Generation = YES;
				INFOPLIST_KEY_UISupportedInterfaceOrientations_iPad = "UIInterfaceOrientationPortrait UIInterfaceOrientationPortraitUpsideDown UIInterfaceOrientationLandscapeLeft UIInterfaceOrientationLandscapeRight";
				INFOPLIST_KEY_UISupportedInterfaceOrientations_iPhone = "UIInterfaceOrientationPortrait UIInterfaceOrientationLandscapeLeft UIInterfaceOrientationLandscapeRight";
				LD_RUNPATH_SEARCH_PATHS = (
					"$(inherited)",
					"@executable_path/Frameworks",
				);
				MARKETING_VERSION = 1.0;
				PRODUCT_BUNDLE_IDENTIFIER = com.valentina.Pokedex;
				PRODUCT_NAME = "$(TARGET_NAME)";
				SWIFT_EMIT_LOC_STRINGS = YES;
				SWIFT_VERSION = 5.0;
				TARGETED_DEVICE_FAMILY = "1,2";
			};
			name = Release;
		};
		7B2A31E32A1845250073A0AC /* Debug */ = {
			isa = XCBuildConfiguration;
			buildSettings = {
				ALWAYS_EMBED_SWIFT_STANDARD_LIBRARIES = YES;
				BUNDLE_LOADER = "$(TEST_HOST)";
				CODE_SIGN_STYLE = Automatic;
				CURRENT_PROJECT_VERSION = 1;
				DEVELOPMENT_TEAM = 5A8B2AK6DX;
				GENERATE_INFOPLIST_FILE = YES;
				IPHONEOS_DEPLOYMENT_TARGET = 16.2;
				MARKETING_VERSION = 1.0;
				PRODUCT_BUNDLE_IDENTIFIER = com.valentina.PokedexTests;
				PRODUCT_NAME = "$(TARGET_NAME)";
				SWIFT_EMIT_LOC_STRINGS = NO;
				SWIFT_VERSION = 5.0;
				TARGETED_DEVICE_FAMILY = "1,2";
				TEST_HOST = "$(BUILT_PRODUCTS_DIR)/Pokedex.app/$(BUNDLE_EXECUTABLE_FOLDER_PATH)/Pokedex";
			};
			name = Debug;
		};
		7B2A31E42A1845250073A0AC /* Release */ = {
			isa = XCBuildConfiguration;
			buildSettings = {
				ALWAYS_EMBED_SWIFT_STANDARD_LIBRARIES = YES;
				BUNDLE_LOADER = "$(TEST_HOST)";
				CODE_SIGN_STYLE = Automatic;
				CURRENT_PROJECT_VERSION = 1;
				DEVELOPMENT_TEAM = 5A8B2AK6DX;
				GENERATE_INFOPLIST_FILE = YES;
				IPHONEOS_DEPLOYMENT_TARGET = 16.2;
				MARKETING_VERSION = 1.0;
				PRODUCT_BUNDLE_IDENTIFIER = com.valentina.PokedexTests;
				PRODUCT_NAME = "$(TARGET_NAME)";
				SWIFT_EMIT_LOC_STRINGS = NO;
				SWIFT_VERSION = 5.0;
				TARGETED_DEVICE_FAMILY = "1,2";
				TEST_HOST = "$(BUILT_PRODUCTS_DIR)/Pokedex.app/$(BUNDLE_EXECUTABLE_FOLDER_PATH)/Pokedex";
			};
			name = Release;
		};
		7B2A31E62A1845250073A0AC /* Debug */ = {
			isa = XCBuildConfiguration;
			buildSettings = {
				ALWAYS_EMBED_SWIFT_STANDARD_LIBRARIES = YES;
				CODE_SIGN_STYLE = Automatic;
				CURRENT_PROJECT_VERSION = 1;
				DEVELOPMENT_TEAM = 5A8B2AK6DX;
				GENERATE_INFOPLIST_FILE = YES;
				MARKETING_VERSION = 1.0;
				PRODUCT_BUNDLE_IDENTIFIER = com.valentina.PokedexUITests;
				PRODUCT_NAME = "$(TARGET_NAME)";
				SWIFT_EMIT_LOC_STRINGS = NO;
				SWIFT_VERSION = 5.0;
				TARGETED_DEVICE_FAMILY = "1,2";
				TEST_TARGET_NAME = Pokedex;
			};
			name = Debug;
		};
		7B2A31E72A1845250073A0AC /* Release */ = {
			isa = XCBuildConfiguration;
			buildSettings = {
				ALWAYS_EMBED_SWIFT_STANDARD_LIBRARIES = YES;
				CODE_SIGN_STYLE = Automatic;
				CURRENT_PROJECT_VERSION = 1;
				DEVELOPMENT_TEAM = 5A8B2AK6DX;
				GENERATE_INFOPLIST_FILE = YES;
				MARKETING_VERSION = 1.0;
				PRODUCT_BUNDLE_IDENTIFIER = com.valentina.PokedexUITests;
				PRODUCT_NAME = "$(TARGET_NAME)";
				SWIFT_EMIT_LOC_STRINGS = NO;
				SWIFT_VERSION = 5.0;
				TARGETED_DEVICE_FAMILY = "1,2";
				TEST_TARGET_NAME = Pokedex;
			};
			name = Release;
		};
/* End XCBuildConfiguration section */

/* Begin XCConfigurationList section */
		7B2A31B62A1845210073A0AC /* Build configuration list for PBXProject "Pokedex" */ = {
			isa = XCConfigurationList;
			buildConfigurations = (
				7B2A31DD2A1845250073A0AC /* Debug */,
				7B2A31DE2A1845250073A0AC /* Release */,
			);
			defaultConfigurationIsVisible = 0;
			defaultConfigurationName = Release;
		};
		7B2A31DF2A1845250073A0AC /* Build configuration list for PBXNativeTarget "Pokedex" */ = {
			isa = XCConfigurationList;
			buildConfigurations = (
				7B2A31E02A1845250073A0AC /* Debug */,
				7B2A31E12A1845250073A0AC /* Release */,
			);
			defaultConfigurationIsVisible = 0;
			defaultConfigurationName = Release;
		};
		7B2A31E22A1845250073A0AC /* Build configuration list for PBXNativeTarget "PokedexTests" */ = {
			isa = XCConfigurationList;
			buildConfigurations = (
				7B2A31E32A1845250073A0AC /* Debug */,
				7B2A31E42A1845250073A0AC /* Release */,
			);
			defaultConfigurationIsVisible = 0;
			defaultConfigurationName = Release;
		};
		7B2A31E52A1845250073A0AC /* Build configuration list for PBXNativeTarget "PokedexUITests" */ = {
			isa = XCConfigurationList;
			buildConfigurations = (
				7B2A31E62A1845250073A0AC /* Debug */,
				7B2A31E72A1845250073A0AC /* Release */,
			);
			defaultConfigurationIsVisible = 0;
			defaultConfigurationName = Release;
		};
/* End XCConfigurationList section */

/* Begin XCRemoteSwiftPackageReference section */
		7B2A31E82A186F730073A0AC /* XCRemoteSwiftPackageReference "Alamofire" */ = {
			isa = XCRemoteSwiftPackageReference;
			repositoryURL = "https://github.com/Alamofire/Alamofire.git";
			requirement = {
				kind = upToNextMajorVersion;
				minimumVersion = 5.0.0;
			};
		};
		7B2A32132A1992340073A0AC /* XCRemoteSwiftPackageReference "Factory" */ = {
			isa = XCRemoteSwiftPackageReference;
			repositoryURL = "https://github.com/hmlongco/Factory.git";
			requirement = {
				kind = upToNextMajorVersion;
				minimumVersion = 2.0.0;
			};
		};
		7B2A32262A1AC9CD0073A0AC /* XCRemoteSwiftPackageReference "realm-swift" */ = {
			isa = XCRemoteSwiftPackageReference;
			repositoryURL = "https://github.com/realm/realm-swift.git";
			requirement = {
				kind = upToNextMajorVersion;
				minimumVersion = 10.39.1;
			};
		};
		7B4468E12A24234400E997DA /* XCRemoteSwiftPackageReference "AlertToast" */ = {
			isa = XCRemoteSwiftPackageReference;
			repositoryURL = "https://github.com/elai950/AlertToast.git";
			requirement = {
				kind = upToNextMajorVersion;
				minimumVersion = 1.0.0;
			};
		};
/* End XCRemoteSwiftPackageReference section */

/* Begin XCSwiftPackageProductDependency section */
		7B2A31E92A186F730073A0AC /* Alamofire */ = {
			isa = XCSwiftPackageProductDependency;
			package = 7B2A31E82A186F730073A0AC /* XCRemoteSwiftPackageReference "Alamofire" */;
			productName = Alamofire;
		};
		7B2A32142A1992340073A0AC /* Factory */ = {
			isa = XCSwiftPackageProductDependency;
			package = 7B2A32132A1992340073A0AC /* XCRemoteSwiftPackageReference "Factory" */;
			productName = Factory;
		};
		7B2A32272A1AC9CD0073A0AC /* RealmSwift */ = {
			isa = XCSwiftPackageProductDependency;
			package = 7B2A32262A1AC9CD0073A0AC /* XCRemoteSwiftPackageReference "realm-swift" */;
			productName = RealmSwift;
		};
		7B4468E22A24234400E997DA /* AlertToast */ = {
			isa = XCSwiftPackageProductDependency;
			package = 7B4468E12A24234400E997DA /* XCRemoteSwiftPackageReference "AlertToast" */;
			productName = AlertToast;
		};
		7B4469202A253EFC00E997DA /* RealmSwift */ = {
			isa = XCSwiftPackageProductDependency;
			package = 7B2A32262A1AC9CD0073A0AC /* XCRemoteSwiftPackageReference "realm-swift" */;
			productName = RealmSwift;
		};
		7B4469222A253EFF00E997DA /* Factory */ = {
			isa = XCSwiftPackageProductDependency;
			package = 7B2A32132A1992340073A0AC /* XCRemoteSwiftPackageReference "Factory" */;
			productName = Factory;
		};
/* End XCSwiftPackageProductDependency section */
	};
	rootObject = 7B2A31B32A1845210073A0AC /* Project object */;
}
